// !$*UTF8*$!
{
	archiveVersion = 1;
	classes = {
	};
	objectVersion = 56;
	objects = {

/* Begin PBXBuildFile section */
		D7C8DD1A2C383E720005E454 /* AppDelegate.swift in Sources */ = {isa = PBXBuildFile; fileRef = D7C8DD192C383E720005E454 /* AppDelegate.swift */; };
		D7C8DD1C2C383E720005E454 /* SceneDelegate.swift in Sources */ = {isa = PBXBuildFile; fileRef = D7C8DD1B2C383E720005E454 /* SceneDelegate.swift */; };
		D7C8DD1E2C383E720005E454 /* ViewController.swift in Sources */ = {isa = PBXBuildFile; fileRef = D7C8DD1D2C383E720005E454 /* ViewController.swift */; };
		D7C8DD232C383E740005E454 /* Assets.xcassets in Resources */ = {isa = PBXBuildFile; fileRef = D7C8DD222C383E740005E454 /* Assets.xcassets */; };
		D7C8DD262C383E740005E454 /* Base in Resources */ = {isa = PBXBuildFile; fileRef = D7C8DD252C383E740005E454 /* Base */; };
		D7C8DD2F2C383EC90005E454 /* SnapKit in Frameworks */ = {isa = PBXBuildFile; productRef = D7C8DD2E2C383EC90005E454 /* SnapKit */; };
		D7C8DD322C383ED10005E454 /* Fakery in Frameworks */ = {isa = PBXBuildFile; productRef = D7C8DD312C383ED10005E454 /* Fakery */; };
		D7C8DD352C38414B0005E454 /* Then in Frameworks */ = {isa = PBXBuildFile; productRef = D7C8DD342C38414B0005E454 /* Then */; };
/* End PBXBuildFile section */

/* Begin PBXFileReference section */
		D7C8DD162C383E720005E454 /* Uikit-codebase-scrollview-snapkit.app */ = {isa = PBXFileReference; explicitFileType = wrapper.application; includeInIndex = 0; path = "Uikit-codebase-scrollview-snapkit.app"; sourceTree = BUILT_PRODUCTS_DIR; };
		D7C8DD192C383E720005E454 /* AppDelegate.swift */ = {isa = PBXFileReference; lastKnownFileType = sourcecode.swift; path = AppDelegate.swift; sourceTree = "<group>"; };
		D7C8DD1B2C383E720005E454 /* SceneDelegate.swift */ = {isa = PBXFileReference; lastKnownFileType = sourcecode.swift; path = SceneDelegate.swift; sourceTree = "<group>"; };
		D7C8DD1D2C383E720005E454 /* ViewController.swift */ = {isa = PBXFileReference; lastKnownFileType = sourcecode.swift; path = ViewController.swift; sourceTree = "<group>"; };
		D7C8DD222C383E740005E454 /* Assets.xcassets */ = {isa = PBXFileReference; lastKnownFileType = folder.assetcatalog; path = Assets.xcassets; sourceTree = "<group>"; };
		D7C8DD252C383E740005E454 /* Base */ = {isa = PBXFileReference; lastKnownFileType = file.storyboard; name = Base; path = Base.lproj/LaunchScreen.storyboard; sourceTree = "<group>"; };
		D7C8DD272C383E740005E454 /* Info.plist */ = {isa = PBXFileReference; lastKnownFileType = text.plist.xml; path = Info.plist; sourceTree = "<group>"; };
/* End PBXFileReference section */

/* Begin PBXFrameworksBuildPhase section */
		D7C8DD132C383E720005E454 /* Frameworks */ = {
			isa = PBXFrameworksBuildPhase;
			buildActionMask = 2147483647;
			files = (
				D7C8DD322C383ED10005E454 /* Fakery in Frameworks */,
				D7C8DD352C38414B0005E454 /* Then in Frameworks */,
				D7C8DD2F2C383EC90005E454 /* SnapKit in Frameworks */,
			);
			runOnlyForDeploymentPostprocessing = 0;
		};
/* End PBXFrameworksBuildPhase section */

/* Begin PBXGroup section */
		D7C8DD0D2C383E720005E454 = {
			isa = PBXGroup;
			children = (
				D7C8DD182C383E720005E454 /* Uikit-codebase-scrollview-snapkit */,
				D7C8DD172C383E720005E454 /* Products */,
			);
			sourceTree = "<group>";
		};
		D7C8DD172C383E720005E454 /* Products */ = {
			isa = PBXGroup;
			children = (
				D7C8DD162C383E720005E454 /* Uikit-codebase-scrollview-snapkit.app */,
			);
			name = Products;
			sourceTree = "<group>";
		};
		D7C8DD182C383E720005E454 /* Uikit-codebase-scrollview-snapkit */ = {
			isa = PBXGroup;
			children = (
				D7C8DD192C383E720005E454 /* AppDelegate.swift */,
				D7C8DD1B2C383E720005E454 /* SceneDelegate.swift */,
				D7C8DD1D2C383E720005E454 /* ViewController.swift */,
				D7C8DD222C383E740005E454 /* Assets.xcassets */,
				D7C8DD242C383E740005E454 /* LaunchScreen.storyboard */,
				D7C8DD272C383E740005E454 /* Info.plist */,
			);
			path = "Uikit-codebase-scrollview-snapkit";
			sourceTree = "<group>";
		};
/* End PBXGroup section */

/* Begin PBXNativeTarget section */
		D7C8DD152C383E720005E454 /* Uikit-codebase-scrollview-snapkit */ = {
			isa = PBXNativeTarget;
			buildConfigurationList = D7C8DD2A2C383E740005E454 /* Build configuration list for PBXNativeTarget "Uikit-codebase-scrollview-snapkit" */;
			buildPhases = (
				D7C8DD122C383E720005E454 /* Sources */,
				D7C8DD132C383E720005E454 /* Frameworks */,
				D7C8DD142C383E720005E454 /* Resources */,
			);
			buildRules = (
			);
			dependencies = (
			);
			name = "Uikit-codebase-scrollview-snapkit";
			packageProductDependencies = (
				D7C8DD2E2C383EC90005E454 /* SnapKit */,
				D7C8DD312C383ED10005E454 /* Fakery */,
				D7C8DD342C38414B0005E454 /* Then */,
			);
			productName = "Uikit-codebase-scrollview-snapkit";
			productReference = D7C8DD162C383E720005E454 /* Uikit-codebase-scrollview-snapkit.app */;
			productType = "com.apple.product-type.application";
		};
/* End PBXNativeTarget section */

/* Begin PBXProject section */
		D7C8DD0E2C383E720005E454 /* Project object */ = {
			isa = PBXProject;
			attributes = {
				BuildIndependentTargetsInParallel = 1;
				LastSwiftUpdateCheck = 1540;
				LastUpgradeCheck = 1540;
				TargetAttributes = {
					D7C8DD152C383E720005E454 = {
						CreatedOnToolsVersion = 15.4;
					};
				};
			};
			buildConfigurationList = D7C8DD112C383E720005E454 /* Build configuration list for PBXProject "Uikit-codebase-scrollview-snapkit" */;
			compatibilityVersion = "Xcode 14.0";
			developmentRegion = en;
			hasScannedForEncodings = 0;
			knownRegions = (
				en,
				Base,
			);
			mainGroup = D7C8DD0D2C383E720005E454;
			packageReferences = (
				D7C8DD2D2C383EC90005E454 /* XCRemoteSwiftPackageReference "SnapKit" */,
				D7C8DD302C383ED10005E454 /* XCRemoteSwiftPackageReference "Fakery" */,
				D7C8DD332C38414B0005E454 /* XCRemoteSwiftPackageReference "Then" */,
			);
			productRefGroup = D7C8DD172C383E720005E454 /* Products */;
			projectDirPath = "";
			projectRoot = "";
			targets = (
				D7C8DD152C383E720005E454 /* Uikit-codebase-scrollview-snapkit */,
			);
		};
/* End PBXProject section */

/* Begin PBXResourcesBuildPhase section */
		D7C8DD142C383E720005E454 /* Resources */ = {
			isa = PBXResourcesBuildPhase;
			buildActionMask = 2147483647;
			files = (
				D7C8DD232C383E740005E454 /* Assets.xcassets in Resources */,
				D7C8DD262C383E740005E454 /* Base in Resources */,
			);
			runOnlyForDeploymentPostprocessing = 0;
		};
/* End PBXResourcesBuildPhase section */

/* Begin PBXSourcesBuildPhase section */
		D7C8DD122C383E720005E454 /* Sources */ = {
			isa = PBXSourcesBuildPhase;
			buildActionMask = 2147483647;
			files = (
				D7C8DD1E2C383E720005E454 /* ViewController.swift in Sources */,
				D7C8DD1A2C383E720005E454 /* AppDelegate.swift in Sources */,
				D7C8DD1C2C383E720005E454 /* SceneDelegate.swift in Sources */,
			);
			runOnlyForDeploymentPostprocessing = 0;
		};
/* End PBXSourcesBuildPhase section */

/* Begin PBXVariantGroup section */
		D7C8DD242C383E740005E454 /* LaunchScreen.storyboard */ = {
			isa = PBXVariantGroup;
			children = (
				D7C8DD252C383E740005E454 /* Base */,
			);
			name = LaunchScreen.storyboard;
			sourceTree = "<group>";
		};
/* End PBXVariantGroup section */

/* Begin XCBuildConfiguration section */
		D7C8DD282C383E740005E454 /* Debug */ = {
			isa = XCBuildConfiguration;
			buildSettings = {
				ALWAYS_SEARCH_USER_PATHS = NO;
				ASSETCATALOG_COMPILER_GENERATE_SWIFT_ASSET_SYMBOL_EXTENSIONS = YES;
				CLANG_ANALYZER_NONNULL = YES;
				CLANG_ANALYZER_NUMBER_OBJECT_CONVERSION = YES_AGGRESSIVE;
				CLANG_CXX_LANGUAGE_STANDARD = "gnu++20";
				CLANG_ENABLE_MODULES = YES;
				CLANG_ENABLE_OBJC_ARC = YES;
				CLANG_ENABLE_OBJC_WEAK = YES;
				CLANG_WARN_BLOCK_CAPTURE_AUTORELEASING = YES;
				CLANG_WARN_BOOL_CONVERSION = YES;
				CLANG_WARN_COMMA = YES;
				CLANG_WARN_CONSTANT_CONVERSION = YES;
				CLANG_WARN_DEPRECATED_OBJC_IMPLEMENTATIONS = YES;
				CLANG_WARN_DIRECT_OBJC_ISA_USAGE = YES_ERROR;
				CLANG_WARN_DOCUMENTATION_COMMENTS = YES;
				CLANG_WARN_EMPTY_BODY = YES;
				CLANG_WARN_ENUM_CONVERSION = YES;
				CLANG_WARN_INFINITE_RECURSION = YES;
				CLANG_WARN_INT_CONVERSION = YES;
				CLANG_WARN_NON_LITERAL_NULL_CONVERSION = YES;
				CLANG_WARN_OBJC_IMPLICIT_RETAIN_SELF = YES;
				CLANG_WARN_OBJC_LITERAL_CONVERSION = YES;
				CLANG_WARN_OBJC_ROOT_CLASS = YES_ERROR;
				CLANG_WARN_QUOTED_INCLUDE_IN_FRAMEWORK_HEADER = YES;
				CLANG_WARN_RANGE_LOOP_ANALYSIS = YES;
				CLANG_WARN_STRICT_PROTOTYPES = YES;
				CLANG_WARN_SUSPICIOUS_MOVE = YES;
				CLANG_WARN_UNGUARDED_AVAILABILITY = YES_AGGRESSIVE;
				CLANG_WARN_UNREACHABLE_CODE = YES;
				CLANG_WARN__DUPLICATE_METHOD_MATCH = YES;
				COPY_PHASE_STRIP = NO;
				DEBUG_INFORMATION_FORMAT = dwarf;
				ENABLE_STRICT_OBJC_MSGSEND = YES;
				ENABLE_TESTABILITY = YES;
				ENABLE_USER_SCRIPT_SANDBOXING = YES;
				GCC_C_LANGUAGE_STANDARD = gnu17;
				GCC_DYNAMIC_NO_PIC = NO;
				GCC_NO_COMMON_BLOCKS = YES;
				GCC_OPTIMIZATION_LEVEL = 0;
				GCC_PREPROCESSOR_DEFINITIONS = (
					"DEBUG=1",
					"$(inherited)",
				);
				GCC_WARN_64_TO_32_BIT_CONVERSION = YES;
				GCC_WARN_ABOUT_RETURN_TYPE = YES_ERROR;
				GCC_WARN_UNDECLARED_SELECTOR = YES;
				GCC_WARN_UNINITIALIZED_AUTOS = YES_AGGRESSIVE;
				GCC_WARN_UNUSED_FUNCTION = YES;
				GCC_WARN_UNUSED_VARIABLE = YES;
				IPHONEOS_DEPLOYMENT_TARGET = 17.5;
				LOCALIZATION_PREFERS_STRING_CATALOGS = YES;
				MTL_ENABLE_DEBUG_INFO = INCLUDE_SOURCE;
				MTL_FAST_MATH = YES;
				ONLY_ACTIVE_ARCH = YES;
				SDKROOT = iphoneos;
				SWIFT_ACTIVE_COMPILATION_CONDITIONS = "DEBUG $(inherited)";
				SWIFT_OPTIMIZATION_LEVEL = "-Onone";
			};
			name = Debug;
		};
		D7C8DD292C383E740005E454 /* Release */ = {
			isa = XCBuildConfiguration;
			buildSettings = {
				ALWAYS_SEARCH_USER_PATHS = NO;
				ASSETCATALOG_COMPILER_GENERATE_SWIFT_ASSET_SYMBOL_EXTENSIONS = YES;
				CLANG_ANALYZER_NONNULL = YES;
				CLANG_ANALYZER_NUMBER_OBJECT_CONVERSION = YES_AGGRESSIVE;
				CLANG_CXX_LANGUAGE_STANDARD = "gnu++20";
				CLANG_ENABLE_MODULES = YES;
				CLANG_ENABLE_OBJC_ARC = YES;
				CLANG_ENABLE_OBJC_WEAK = YES;
				CLANG_WARN_BLOCK_CAPTURE_AUTORELEASING = YES;
				CLANG_WARN_BOOL_CONVERSION = YES;
				CLANG_WARN_COMMA = YES;
				CLANG_WARN_CONSTANT_CONVERSION = YES;
				CLANG_WARN_DEPRECATED_OBJC_IMPLEMENTATIONS = YES;
				CLANG_WARN_DIRECT_OBJC_ISA_USAGE = YES_ERROR;
				CLANG_WARN_DOCUMENTATION_COMMENTS = YES;
				CLANG_WARN_EMPTY_BODY = YES;
				CLANG_WARN_ENUM_CONVERSION = YES;
				CLANG_WARN_INFINITE_RECURSION = YES;
				CLANG_WARN_INT_CONVERSION = YES;
				CLANG_WARN_NON_LITERAL_NULL_CONVERSION = YES;
				CLANG_WARN_OBJC_IMPLICIT_RETAIN_SELF = YES;
				CLANG_WARN_OBJC_LITERAL_CONVERSION = YES;
				CLANG_WARN_OBJC_ROOT_CLASS = YES_ERROR;
				CLANG_WARN_QUOTED_INCLUDE_IN_FRAMEWORK_HEADER = YES;
				CLANG_WARN_RANGE_LOOP_ANALYSIS = YES;
				CLANG_WARN_STRICT_PROTOTYPES = YES;
				CLANG_WARN_SUSPICIOUS_MOVE = YES;
				CLANG_WARN_UNGUARDED_AVAILABILITY = YES_AGGRESSIVE;
				CLANG_WARN_UNREACHABLE_CODE = YES;
				CLANG_WARN__DUPLICATE_METHOD_MATCH = YES;
				COPY_PHASE_STRIP = NO;
				DEBUG_INFORMATION_FORMAT = "dwarf-with-dsym";
				ENABLE_NS_ASSERTIONS = NO;
				ENABLE_STRICT_OBJC_MSGSEND = YES;
				ENABLE_USER_SCRIPT_SANDBOXING = YES;
				GCC_C_LANGUAGE_STANDARD = gnu17;
				GCC_NO_COMMON_BLOCKS = YES;
				GCC_WARN_64_TO_32_BIT_CONVERSION = YES;
				GCC_WARN_ABOUT_RETURN_TYPE = YES_ERROR;
				GCC_WARN_UNDECLARED_SELECTOR = YES;
				GCC_WARN_UNINITIALIZED_AUTOS = YES_AGGRESSIVE;
				GCC_WARN_UNUSED_FUNCTION = YES;
				GCC_WARN_UNUSED_VARIABLE = YES;
				IPHONEOS_DEPLOYMENT_TARGET = 17.5;
				LOCALIZATION_PREFERS_STRING_CATALOGS = YES;
				MTL_ENABLE_DEBUG_INFO = NO;
				MTL_FAST_MATH = YES;
				SDKROOT = iphoneos;
				SWIFT_COMPILATION_MODE = wholemodule;
				VALIDATE_PRODUCT = YES;
			};
			name = Release;
		};
		D7C8DD2B2C383E740005E454 /* Debug */ = {
			isa = XCBuildConfiguration;
			buildSettings = {
				ASSETCATALOG_COMPILER_APPICON_NAME = AppIcon;
				ASSETCATALOG_COMPILER_GLOBAL_ACCENT_COLOR_NAME = AccentColor;
				CODE_SIGN_STYLE = Automatic;
				CURRENT_PROJECT_VERSION = 1;
				GENERATE_INFOPLIST_FILE = YES;
				INFOPLIST_FILE = "Uikit-codebase-scrollview-snapkit/Info.plist";
				INFOPLIST_KEY_UIApplicationSupportsIndirectInputEvents = YES;
				INFOPLIST_KEY_UILaunchStoryboardName = LaunchScreen;
				INFOPLIST_KEY_UIMainStoryboardFile = "";
				INFOPLIST_KEY_UISupportedInterfaceOrientations_iPad = "UIInterfaceOrientationPortrait UIInterfaceOrientationPortraitUpsideDown UIInterfaceOrientationLandscapeLeft UIInterfaceOrientationLandscapeRight";
				INFOPLIST_KEY_UISupportedInterfaceOrientations_iPhone = "UIInterfaceOrientationPortrait UIInterfaceOrientationLandscapeLeft UIInterfaceOrientationLandscapeRight";
				LD_RUNPATH_SEARCH_PATHS = (
					"$(inherited)",
					"@executable_path/Frameworks",
				);
				MARKETING_VERSION = 1.0;
				PRODUCT_BUNDLE_IDENTIFIER = "pj.Uikit-codebase-scrollview-snapkit";
				PRODUCT_NAME = "$(TARGET_NAME)";
				SWIFT_EMIT_LOC_STRINGS = YES;
				SWIFT_VERSION = 5.0;
				TARGETED_DEVICE_FAMILY = "1,2";
			};
			name = Debug;
		};
		D7C8DD2C2C383E740005E454 /* Release */ = {
			isa = XCBuildConfiguration;
			buildSettings = {
				ASSETCATALOG_COMPILER_APPICON_NAME = AppIcon;
				ASSETCATALOG_COMPILER_GLOBAL_ACCENT_COLOR_NAME = AccentColor;
				CODE_SIGN_STYLE = Automatic;
				CURRENT_PROJECT_VERSION = 1;
				GENERATE_INFOPLIST_FILE = YES;
				INFOPLIST_FILE = "Uikit-codebase-scrollview-snapkit/Info.plist";
				INFOPLIST_KEY_UIApplicationSupportsIndirectInputEvents = YES;
				INFOPLIST_KEY_UILaunchStoryboardName = LaunchScreen;
				INFOPLIST_KEY_UIMainStoryboardFile = "";
				INFOPLIST_KEY_UISupportedInterfaceOrientations_iPad = "UIInterfaceOrientationPortrait UIInterfaceOrientationPortraitUpsideDown UIInterfaceOrientationLandscapeLeft UIInterfaceOrientationLandscapeRight";
				INFOPLIST_KEY_UISupportedInterfaceOrientations_iPhone = "UIInterfaceOrientationPortrait UIInterfaceOrientationLandscapeLeft UIInterfaceOrientationLandscapeRight";
				LD_RUNPATH_SEARCH_PATHS = (
					"$(inherited)",
					"@executable_path/Frameworks",
				);
				MARKETING_VERSION = 1.0;
				PRODUCT_BUNDLE_IDENTIFIER = "pj.Uikit-codebase-scrollview-snapkit";
				PRODUCT_NAME = "$(TARGET_NAME)";
				SWIFT_EMIT_LOC_STRINGS = YES;
				SWIFT_VERSION = 5.0;
				TARGETED_DEVICE_FAMILY = "1,2";
			};
			name = Release;
		};
/* End XCBuildConfiguration section */

/* Begin XCConfigurationList section */
		D7C8DD112C383E720005E454 /* Build configuration list for PBXProject "Uikit-codebase-scrollview-snapkit" */ = {
			isa = XCConfigurationList;
			buildConfigurations = (
				D7C8DD282C383E740005E454 /* Debug */,
				D7C8DD292C383E740005E454 /* Release */,
			);
			defaultConfigurationIsVisible = 0;
			defaultConfigurationName = Release;
		};
		D7C8DD2A2C383E740005E454 /* Build configuration list for PBXNativeTarget "Uikit-codebase-scrollview-snapkit" */ = {
			isa = XCConfigurationList;
			buildConfigurations = (
				D7C8DD2B2C383E740005E454 /* Debug */,
				D7C8DD2C2C383E740005E454 /* Release */,
			);
			defaultConfigurationIsVisible = 0;
			defaultConfigurationName = Release;
		};
/* End XCConfigurationList section */

/* Begin XCRemoteSwiftPackageReference section */
		D7C8DD2D2C383EC90005E454 /* XCRemoteSwiftPackageReference "SnapKit" */ = {
			isa = XCRemoteSwiftPackageReference;
			repositoryURL = "https://github.com/SnapKit/SnapKit.git";
			requirement = {
				kind = upToNextMajorVersion;
				minimumVersion = 5.7.1;
			};
		};
		D7C8DD302C383ED10005E454 /* XCRemoteSwiftPackageReference "Fakery" */ = {
			isa = XCRemoteSwiftPackageReference;
			repositoryURL = "https://github.com/vadymmarkov/Fakery";
			requirement = {
				kind = upToNextMajorVersion;
				minimumVersion = 5.1.0;
			};
		};
		D7C8DD332C38414B0005E454 /* XCRemoteSwiftPackageReference "Then" */ = {
			isa = XCRemoteSwiftPackageReference;
			repositoryURL = "https://github.com/devxoul/Then";
			requirement = {
				kind = upToNextMajorVersion;
				minimumVersion = 3.0.0;
			};
		};
/* End XCRemoteSwiftPackageReference section */

/* Begin XCSwiftPackageProductDependency section */
		D7C8DD2E2C383EC90005E454 /* SnapKit */ = {
			isa = XCSwiftPackageProductDependency;
			package = D7C8DD2D2C383EC90005E454 /* XCRemoteSwiftPackageReference "SnapKit" */;
			productName = SnapKit;
		};
		D7C8DD312C383ED10005E454 /* Fakery */ = {
			isa = XCSwiftPackageProductDependency;
			package = D7C8DD302C383ED10005E454 /* XCRemoteSwiftPackageReference "Fakery" */;
			productName = Fakery;
		};
		D7C8DD342C38414B0005E454 /* Then */ = {
			isa = XCSwiftPackageProductDependency;
			package = D7C8DD332C38414B0005E454 /* XCRemoteSwiftPackageReference "Then" */;
			productName = Then;
		};
/* End XCSwiftPackageProductDependency section */
	};
	rootObject = D7C8DD0E2C383E720005E454 /* Project object */;
}
